
Microsoft Visual Studio Solution File, Format Version 12.00
# Visual Studio Version 17
VisualStudioVersion = 17.0.31903.59
MinimumVisualStudioVersion = 10.0.40219.1
Project("{2150E333-8FDC-42A3-9474-1A3956D46DE8}") = "S9con", "S9con", "{3B945599-E396-93B1-622E-A8A9D4E33256}"
EndProject
Project("{FAE04EC0-301F-11D3-BF4B-00C04F79EFBC}") = "s9con", "S9con\s9con.csproj", "{C790152B-9419-4689-982A-255A3B377986}"
EndProject
Project("{FAE04EC0-301F-11D3-BF4B-00C04F79EFBC}") = "S9con.Test", "S9con.Test\S9con.Test.csproj", "{8DCDB0B3-757F-4311-88C5-BCBF8AEA6AED}"
EndProject
Global
	GlobalSection(SolutionConfigurationPlatforms) = preSolution
		Debug|Any CPU = Debug|Any CPU
		Debug|x64 = Debug|x64
		Debug|x86 = Debug|x86
		Release|Any CPU = Release|Any CPU
		Release|x64 = Release|x64
		Release|x86 = Release|x86
	EndGlobalSection
	GlobalSection(ProjectConfigurationPlatforms) = postSolution
		{C790152B-9419-4689-982A-255A3B377986}.Debug|Any CPU.ActiveCfg = Debug|Any CPU
		{C790152B-9419-4689-982A-255A3B377986}.Debug|Any CPU.Build.0 = Debug|Any CPU
		{C790152B-9419-4689-982A-255A3B377986}.Debug|x64.ActiveCfg = Debug|Any CPU
		{C790152B-9419-4689-982A-255A3B377986}.Debug|x64.Build.0 = Debug|Any CPU
		{C790152B-9419-4689-982A-255A3B377986}.Debug|x86.ActiveCfg = Debug|Any CPU
		{C790152B-9419-4689-982A-255A3B377986}.Debug|x86.Build.0 = Debug|Any CPU
		{C790152B-9419-4689-982A-255A3B377986}.Release|Any CPU.ActiveCfg = Release|Any CPU
		{C790152B-9419-4689-982A-255A3B377986}.Release|Any CPU.Build.0 = Release|Any CPU
		{C790152B-9419-4689-982A-255A3B377986}.Release|x64.ActiveCfg = Release|Any CPU
		{C790152B-9419-4689-982A-255A3B377986}.Release|x64.Build.0 = Release|Any CPU
		{C790152B-9419-4689-982A-255A3B377986}.Release|x86.ActiveCfg = Release|Any CPU
		{C790152B-9419-4689-982A-255A3B377986}.Release|x86.Build.0 = Release|Any CPU
		{8DCDB0B3-757F-4311-88C5-BCBF8AEA6AED}.Debug|Any CPU.ActiveCfg = Debug|Any CPU
		{8DCDB0B3-757F-4311-88C5-BCBF8AEA6AED}.Debug|Any CPU.Build.0 = Debug|Any CPU
		{8DCDB0B3-757F-4311-88C5-BCBF8AEA6AED}.Debug|x64.ActiveCfg = Debug|Any CPU
		{8DCDB0B3-757F-4311-88C5-BCBF8AEA6AED}.Debug|x64.Build.0 = Debug|Any CPU
		{8DCDB0B3-757F-4311-88C5-BCBF8AEA6AED}.Debug|x86.ActiveCfg = Debug|Any CPU
		{8DCDB0B3-757F-4311-88C5-BCBF8AEA6AED}.Debug|x86.Build.0 = Debug|Any CPU
		{8DCDB0B3-757F-4311-88C5-BCBF8AEA6AED}.Release|Any CPU.ActiveCfg = Release|Any CPU
		{8DCDB0B3-757F-4311-88C5-BCBF8AEA6AED}.Release|Any CPU.Build.0 = Release|Any CPU
		{8DCDB0B3-757F-4311-88C5-BCBF8AEA6AED}.Release|x64.ActiveCfg = Release|Any CPU
		{8DCDB0B3-757F-4311-88C5-BCBF8AEA6AED}.Release|x64.Build.0 = Release|Any CPU
		{8DCDB0B3-757F-4311-88C5-BCBF8AEA6AED}.Release|x86.ActiveCfg = Release|Any CPU
		{8DCDB0B3-757F-4311-88C5-BCBF8AEA6AED}.Release|x86.Build.0 = Release|Any CPU
	EndGlobalSection
	GlobalSection(SolutionProperties) = preSolution
		HideSolutionNode = FALSE
	EndGlobalSection
	GlobalSection(NestedProjects) = preSolution
		{C790152B-9419-4689-982A-255A3B377986} = {3B945599-E396-93B1-622E-A8A9D4E33256}
		{8DCDB0B3-757F-4311-88C5-BCBF8AEA6AED} = {3B945599-E396-93B1-622E-A8A9D4E33256}
	EndGlobalSection
EndGlobal
