Microsoft Visual Studio Solution File, Format Version 12.00
# Visual Studio Version 17
VisualStudioVersion = 17.5.2.0
MinimumVisualStudioVersion = 10.0.40219.1
Project("{2150E333-8FDC-42A3-9474-1A3956D46DE8}") = "1.0", "1.0", "{0FFD5494-1229-0FCC-48D5-C48D57DC5218}"
EndProject
Project("{2150E333-8FDC-42A3-9474-1A3956D46DE8}") = "2.0", "2.0", "{2D77F69F-9B08-9C58-0F7C-0B4E1741E75D}"
EndProject
Project("{2150E333-8FDC-42A3-9474-1A3956D46DE8}") = "2.10", "2.10", "{B6CDA9A1-0D17-BA28-FDBD-7861B136D3A1}"
EndProject
Project("{2150E333-8FDC-42A3-9474-1A3956D46DE8}") = "2.2", "2.2", "{B9819C9D-4CD3-BB88-992C-38CA494CE971}"
EndProject
Project("{2150E333-8FDC-42A3-9474-1A3956D46DE8}") = "2.3", "2.3", "{260C17A8-1AC0-3A60-3C2C-468FEEFEF8A5}"
EndProject
Project("{2150E333-8FDC-42A3-9474-1A3956D46DE8}") = "2.4", "2.4", "{7B05E406-BBD1-4E3A-ACB6-4A66D7DDAB45}"
EndProject
Project("{2150E333-8FDC-42A3-9474-1A3956D46DE8}") = "2.5", "2.5", "{8FF34A20-DD37-C514-DDB3-6B13507C186D}"
EndProject
Project("{2150E333-8FDC-42A3-9474-1A3956D46DE8}") = "2.6", "2.6", "{FDB2E7D2-4556-71E5-BF15-FAA16B13BEF0}"
EndProject
Project("{2150E333-8FDC-42A3-9474-1A3956D46DE8}") = "2.7", "2.7", "{1E31B6BE-D13B-F31E-8FD8-D0078B28F1A6}"
EndProject
Project("{2150E333-8FDC-42A3-9474-1A3956D46DE8}") = "2.8", "2.8", "{87A7B789-CC41-AA9D-4EB7-B5A4A48A39FA}"
EndProject
Project("{FAE04EC0-301F-11D3-BF4B-00C04F79EFBC}") = "HelloWorld", "1.0\HelloWorld\HelloWorld.csproj", "{F4660F0E-33C7-25E7-449B-785EB13D5547}"
EndProject
Project("{FAE04EC0-301F-11D3-BF4B-00C04F79EFBC}") = "RocketShip", "2.0\RocketShip\RocketShip.csproj", "{8371DBCF-7104-71BC-9A43-146BA133A197}"
EndProject
Project("{FAE04EC0-301F-11D3-BF4B-00C04F79EFBC}") = "math", "2.10\math\math.csproj", "{007F3E0F-434A-5FC1-8847-0D7B094DCB8A}"
EndProject
Project("{FAE04EC0-301F-11D3-BF4B-00C04F79EFBC}") = "stats", "2.10\stats\stats.csproj", "{E21064B3-A15D-248E-C373-A0B7838182E8}"
EndProject
Project("{FAE04EC0-301F-11D3-BF4B-00C04F79EFBC}") = "RocketShipFactored", "2.2\RocketShipFactored\RocketShipFactored.csproj", "{DEE7E743-A143-9654-3BCC-6361A4A1FF2A}"
EndProject
Project("{FAE04EC0-301F-11D3-BF4B-00C04F79EFBC}") = "RocketShipLong", "2.3\RocketShipLong\RocketShipLong.csproj", "{C10A91D3-4563-995D-434F-B6C93AA4A83A}"
EndProject
Project("{FAE04EC0-301F-11D3-BF4B-00C04F79EFBC}") = "Triangle", "2.4\Triangle\Triangle.csproj", "{D8BC335F-9FC9-6CB8-607A-F4271AD10206}"
EndProject
Project("{FAE04EC0-301F-11D3-BF4B-00C04F79EFBC}") = "AverageOfSquares", "2.5\AverageOfSquares\AverageOfSquares.csproj", "{97AECAE1-F711-6A3F-C659-B529419AF515}"
EndProject
Project("{FAE04EC0-301F-11D3-BF4B-00C04F79EFBC}") = "CToF", "2.5\CToF\CToF.csproj", "{FA6FDB78-C3D6-437C-50DB-7B52E727E752}"
EndProject
Project("{FAE04EC0-301F-11D3-BF4B-00C04F79EFBC}") = "Factorial", "2.5\Factorial\Factorial.csproj", "{0CF10BCA-179D-BDB8-8FB6-112AFE087F17}"
EndProject
Project("{FAE04EC0-301F-11D3-BF4B-00C04F79EFBC}") = "FToC", "2.5\FToC\FToC.csproj", "{F5EFF4BF-F9C3-6EA5-1D1F-74CEB69DAD52}"
EndProject
Project("{FAE04EC0-301F-11D3-BF4B-00C04F79EFBC}") = "power", "2.5\power\power.csproj", "{E9E16C73-463B-9F52-4253-4C20B0493DAE}"
EndProject
Project("{FAE04EC0-301F-11D3-BF4B-00C04F79EFBC}") = "quadradic", "2.5\quadradic\quadradic.csproj", "{D1B8BC25-2817-BCA2-DA5A-6C19A3E9C20C}"
EndProject
Project("{FAE04EC0-301F-11D3-BF4B-00C04F79EFBC}") = "Calender", "2.6\Calender\Calender.csproj", "{6C14D2AA-32C6-96F5-F092-F1E3EFFA82BD}"
EndProject
Project("{FAE04EC0-301F-11D3-BF4B-00C04F79EFBC}") = "ComputeChange", "2.6\ComputeChange\ComputeChange.csproj", "{3D7F1E36-8B7B-D899-AFB6-FF787272F13A}"
EndProject
Project("{FAE04EC0-301F-11D3-BF4B-00C04F79EFBC}") = "LeapYear", "2.6\LeapYear\LeapYear.csproj", "{FBCC5079-0648-1DA6-EEFC-584E5CF6CB2B}"
EndProject
Project("{FAE04EC0-301F-11D3-BF4B-00C04F79EFBC}") = "MoreAsciiiArt", "2.6\MoreAsciiiArt\MoreAsciiiArt.csproj", "{CA47F9AB-F3A3-511A-6586-85595861787B}"
EndProject
Project("{FAE04EC0-301F-11D3-BF4B-00C04F79EFBC}") = "Pythagorean", "2.6\Pythagorean\Pythagorean.csproj", "{B9B87C34-1C28-34FF-99FA-5D525FCF7699}"
EndProject
Project("{FAE04EC0-301F-11D3-BF4B-00C04F79EFBC}") = "absolute", "2.7\absolute\absolute.csproj", "{E81C2E2A-D563-BF0B-1355-7C6C0A378EDB}"
EndProject
Project("{FAE04EC0-301F-11D3-BF4B-00C04F79EFBC}") = "Date", "2.7\Date\Date.csproj", "{F468040F-1262-9EAB-49A9-D187E286E8B2}"
EndProject
Project("{FAE04EC0-301F-11D3-BF4B-00C04F79EFBC}") = "fibonacci", "2.7\fibonacci\fibonacci.csproj", "{EEEE37D4-3F38-C542-3C7B-68E2EE990B79}"
EndProject
Project("{FAE04EC0-301F-11D3-BF4B-00C04F79EFBC}") = "prime", "2.7\prime\prime.csproj", "{5A4495DE-CBC1-5880-3B6A-EC6428E1F5C2}"
EndProject
Project("{FAE04EC0-301F-11D3-BF4B-00C04F79EFBC}") = "sum", "2.8\sum\sum.csproj", "{9552A834-D53A-8437-9508-64F770AAA512}"
EndProject
Global
	GlobalSection(SolutionConfigurationPlatforms) = preSolution
		Debug|Any CPU = Debug|Any CPU
		Release|Any CPU = Release|Any CPU
	EndGlobalSection
	GlobalSection(ProjectConfigurationPlatforms) = postSolution
		{F4660F0E-33C7-25E7-449B-785EB13D5547}.Debug|Any CPU.ActiveCfg = Debug|Any CPU
		{F4660F0E-33C7-25E7-449B-785EB13D5547}.Debug|Any CPU.Build.0 = Debug|Any CPU
		{F4660F0E-33C7-25E7-449B-785EB13D5547}.Release|Any CPU.ActiveCfg = Release|Any CPU
		{F4660F0E-33C7-25E7-449B-785EB13D5547}.Release|Any CPU.Build.0 = Release|Any CPU
		{8371DBCF-7104-71BC-9A43-146BA133A197}.Debug|Any CPU.ActiveCfg = Debug|Any CPU
		{8371DBCF-7104-71BC-9A43-146BA133A197}.Debug|Any CPU.Build.0 = Debug|Any CPU
		{8371DBCF-7104-71BC-9A43-146BA133A197}.Release|Any CPU.ActiveCfg = Release|Any CPU
		{8371DBCF-7104-71BC-9A43-146BA133A197}.Release|Any CPU.Build.0 = Release|Any CPU
		{007F3E0F-434A-5FC1-8847-0D7B094DCB8A}.Debug|Any CPU.ActiveCfg = Debug|Any CPU
		{007F3E0F-434A-5FC1-8847-0D7B094DCB8A}.Debug|Any CPU.Build.0 = Debug|Any CPU
		{007F3E0F-434A-5FC1-8847-0D7B094DCB8A}.Release|Any CPU.ActiveCfg = Release|Any CPU
		{007F3E0F-434A-5FC1-8847-0D7B094DCB8A}.Release|Any CPU.Build.0 = Release|Any CPU
		{E21064B3-A15D-248E-C373-A0B7838182E8}.Debug|Any CPU.ActiveCfg = Debug|Any CPU
		{E21064B3-A15D-248E-C373-A0B7838182E8}.Debug|Any CPU.Build.0 = Debug|Any CPU
		{E21064B3-A15D-248E-C373-A0B7838182E8}.Release|Any CPU.ActiveCfg = Release|Any CPU
		{E21064B3-A15D-248E-C373-A0B7838182E8}.Release|Any CPU.Build.0 = Release|Any CPU
		{DEE7E743-A143-9654-3BCC-6361A4A1FF2A}.Debug|Any CPU.ActiveCfg = Debug|Any CPU
		{DEE7E743-A143-9654-3BCC-6361A4A1FF2A}.Debug|Any CPU.Build.0 = Debug|Any CPU
		{DEE7E743-A143-9654-3BCC-6361A4A1FF2A}.Release|Any CPU.ActiveCfg = Release|Any CPU
		{DEE7E743-A143-9654-3BCC-6361A4A1FF2A}.Release|Any CPU.Build.0 = Release|Any CPU
		{C10A91D3-4563-995D-434F-B6C93AA4A83A}.Debug|Any CPU.ActiveCfg = Debug|Any CPU
		{C10A91D3-4563-995D-434F-B6C93AA4A83A}.Debug|Any CPU.Build.0 = Debug|Any CPU
		{C10A91D3-4563-995D-434F-B6C93AA4A83A}.Release|Any CPU.ActiveCfg = Release|Any CPU
		{C10A91D3-4563-995D-434F-B6C93AA4A83A}.Release|Any CPU.Build.0 = Release|Any CPU
		{D8BC335F-9FC9-6CB8-607A-F4271AD10206}.Debug|Any CPU.ActiveCfg = Debug|Any CPU
		{D8BC335F-9FC9-6CB8-607A-F4271AD10206}.Debug|Any CPU.Build.0 = Debug|Any CPU
		{D8BC335F-9FC9-6CB8-607A-F4271AD10206}.Release|Any CPU.ActiveCfg = Release|Any CPU
		{D8BC335F-9FC9-6CB8-607A-F4271AD10206}.Release|Any CPU.Build.0 = Release|Any CPU
		{97AECAE1-F711-6A3F-C659-B529419AF515}.Debug|Any CPU.ActiveCfg = Debug|Any CPU
		{97AECAE1-F711-6A3F-C659-B529419AF515}.Debug|Any CPU.Build.0 = Debug|Any CPU
		{97AECAE1-F711-6A3F-C659-B529419AF515}.Release|Any CPU.ActiveCfg = Release|Any CPU
		{97AECAE1-F711-6A3F-C659-B529419AF515}.Release|Any CPU.Build.0 = Release|Any CPU
		{FA6FDB78-C3D6-437C-50DB-7B52E727E752}.Debug|Any CPU.ActiveCfg = Debug|Any CPU
		{FA6FDB78-C3D6-437C-50DB-7B52E727E752}.Debug|Any CPU.Build.0 = Debug|Any CPU
		{FA6FDB78-C3D6-437C-50DB-7B52E727E752}.Release|Any CPU.ActiveCfg = Release|Any CPU
		{FA6FDB78-C3D6-437C-50DB-7B52E727E752}.Release|Any CPU.Build.0 = Release|Any CPU
		{0CF10BCA-179D-BDB8-8FB6-112AFE087F17}.Debug|Any CPU.ActiveCfg = Debug|Any CPU
		{0CF10BCA-179D-BDB8-8FB6-112AFE087F17}.Debug|Any CPU.Build.0 = Debug|Any CPU
		{0CF10BCA-179D-BDB8-8FB6-112AFE087F17}.Release|Any CPU.ActiveCfg = Release|Any CPU
		{0CF10BCA-179D-BDB8-8FB6-112AFE087F17}.Release|Any CPU.Build.0 = Release|Any CPU
		{F5EFF4BF-F9C3-6EA5-1D1F-74CEB69DAD52}.Debug|Any CPU.ActiveCfg = Debug|Any CPU
		{F5EFF4BF-F9C3-6EA5-1D1F-74CEB69DAD52}.Debug|Any CPU.Build.0 = Debug|Any CPU
		{F5EFF4BF-F9C3-6EA5-1D1F-74CEB69DAD52}.Release|Any CPU.ActiveCfg = Release|Any CPU
		{F5EFF4BF-F9C3-6EA5-1D1F-74CEB69DAD52}.Release|Any CPU.Build.0 = Release|Any CPU
		{E9E16C73-463B-9F52-4253-4C20B0493DAE}.Debug|Any CPU.ActiveCfg = Debug|Any CPU
		{E9E16C73-463B-9F52-4253-4C20B0493DAE}.Debug|Any CPU.Build.0 = Debug|Any CPU
		{E9E16C73-463B-9F52-4253-4C20B0493DAE}.Release|Any CPU.ActiveCfg = Release|Any CPU
		{E9E16C73-463B-9F52-4253-4C20B0493DAE}.Release|Any CPU.Build.0 = Release|Any CPU
		{D1B8BC25-2817-BCA2-DA5A-6C19A3E9C20C}.Debug|Any CPU.ActiveCfg = Debug|Any CPU
		{D1B8BC25-2817-BCA2-DA5A-6C19A3E9C20C}.Debug|Any CPU.Build.0 = Debug|Any CPU
		{D1B8BC25-2817-BCA2-DA5A-6C19A3E9C20C}.Release|Any CPU.ActiveCfg = Release|Any CPU
		{D1B8BC25-2817-BCA2-DA5A-6C19A3E9C20C}.Release|Any CPU.Build.0 = Release|Any CPU
		{6C14D2AA-32C6-96F5-F092-F1E3EFFA82BD}.Debug|Any CPU.ActiveCfg = Debug|Any CPU
		{6C14D2AA-32C6-96F5-F092-F1E3EFFA82BD}.Debug|Any CPU.Build.0 = Debug|Any CPU
		{6C14D2AA-32C6-96F5-F092-F1E3EFFA82BD}.Release|Any CPU.ActiveCfg = Release|Any CPU
		{6C14D2AA-32C6-96F5-F092-F1E3EFFA82BD}.Release|Any CPU.Build.0 = Release|Any CPU
		{3D7F1E36-8B7B-D899-AFB6-FF787272F13A}.Debug|Any CPU.ActiveCfg = Debug|Any CPU
		{3D7F1E36-8B7B-D899-AFB6-FF787272F13A}.Debug|Any CPU.Build.0 = Debug|Any CPU
		{3D7F1E36-8B7B-D899-AFB6-FF787272F13A}.Release|Any CPU.ActiveCfg = Release|Any CPU
		{3D7F1E36-8B7B-D899-AFB6-FF787272F13A}.Release|Any CPU.Build.0 = Release|Any CPU
		{FBCC5079-0648-1DA6-EEFC-584E5CF6CB2B}.Debug|Any CPU.ActiveCfg = Debug|Any CPU
		{FBCC5079-0648-1DA6-EEFC-584E5CF6CB2B}.Debug|Any CPU.Build.0 = Debug|Any CPU
		{FBCC5079-0648-1DA6-EEFC-584E5CF6CB2B}.Release|Any CPU.ActiveCfg = Release|Any CPU
		{FBCC5079-0648-1DA6-EEFC-584E5CF6CB2B}.Release|Any CPU.Build.0 = Release|Any CPU
		{CA47F9AB-F3A3-511A-6586-85595861787B}.Debug|Any CPU.ActiveCfg = Debug|Any CPU
		{CA47F9AB-F3A3-511A-6586-85595861787B}.Debug|Any CPU.Build.0 = Debug|Any CPU
		{CA47F9AB-F3A3-511A-6586-85595861787B}.Release|Any CPU.ActiveCfg = Release|Any CPU
		{CA47F9AB-F3A3-511A-6586-85595861787B}.Release|Any CPU.Build.0 = Release|Any CPU
		{B9B87C34-1C28-34FF-99FA-5D525FCF7699}.Debug|Any CPU.ActiveCfg = Debug|Any CPU
		{B9B87C34-1C28-34FF-99FA-5D525FCF7699}.Debug|Any CPU.Build.0 = Debug|Any CPU
		{B9B87C34-1C28-34FF-99FA-5D525FCF7699}.Release|Any CPU.ActiveCfg = Release|Any CPU
		{B9B87C34-1C28-34FF-99FA-5D525FCF7699}.Release|Any CPU.Build.0 = Release|Any CPU
		{E81C2E2A-D563-BF0B-1355-7C6C0A378EDB}.Debug|Any CPU.ActiveCfg = Debug|Any CPU
		{E81C2E2A-D563-BF0B-1355-7C6C0A378EDB}.Debug|Any CPU.Build.0 = Debug|Any CPU
		{E81C2E2A-D563-BF0B-1355-7C6C0A378EDB}.Release|Any CPU.ActiveCfg = Release|Any CPU
		{E81C2E2A-D563-BF0B-1355-7C6C0A378EDB}.Release|Any CPU.Build.0 = Release|Any CPU
		{F468040F-1262-9EAB-49A9-D187E286E8B2}.Debug|Any CPU.ActiveCfg = Debug|Any CPU
		{F468040F-1262-9EAB-49A9-D187E286E8B2}.Debug|Any CPU.Build.0 = Debug|Any CPU
		{F468040F-1262-9EAB-49A9-D187E286E8B2}.Release|Any CPU.ActiveCfg = Release|Any CPU
		{F468040F-1262-9EAB-49A9-D187E286E8B2}.Release|Any CPU.Build.0 = Release|Any CPU
		{EEEE37D4-3F38-C542-3C7B-68E2EE990B79}.Debug|Any CPU.ActiveCfg = Debug|Any CPU
		{EEEE37D4-3F38-C542-3C7B-68E2EE990B79}.Debug|Any CPU.Build.0 = Debug|Any CPU
		{EEEE37D4-3F38-C542-3C7B-68E2EE990B79}.Release|Any CPU.ActiveCfg = Release|Any CPU
		{EEEE37D4-3F38-C542-3C7B-68E2EE990B79}.Release|Any CPU.Build.0 = Release|Any CPU
		{5A4495DE-CBC1-5880-3B6A-EC6428E1F5C2}.Debug|Any CPU.ActiveCfg = Debug|Any CPU
		{5A4495DE-CBC1-5880-3B6A-EC6428E1F5C2}.Debug|Any CPU.Build.0 = Debug|Any CPU
		{5A4495DE-CBC1-5880-3B6A-EC6428E1F5C2}.Release|Any CPU.ActiveCfg = Release|Any CPU
		{5A4495DE-CBC1-5880-3B6A-EC6428E1F5C2}.Release|Any CPU.Build.0 = Release|Any CPU
		{9552A834-D53A-8437-9508-64F770AAA512}.Debug|Any CPU.ActiveCfg = Debug|Any CPU
		{9552A834-D53A-8437-9508-64F770AAA512}.Debug|Any CPU.Build.0 = Debug|Any CPU
		{9552A834-D53A-8437-9508-64F770AAA512}.Release|Any CPU.ActiveCfg = Release|Any CPU
		{9552A834-D53A-8437-9508-64F770AAA512}.Release|Any CPU.Build.0 = Release|Any CPU
	EndGlobalSection
	GlobalSection(SolutionProperties) = preSolution
		HideSolutionNode = FALSE
	EndGlobalSection
	GlobalSection(NestedProjects) = preSolution
		{F4660F0E-33C7-25E7-449B-785EB13D5547} = {0FFD5494-1229-0FCC-48D5-C48D57DC5218}
		{8371DBCF-7104-71BC-9A43-146BA133A197} = {2D77F69F-9B08-9C58-0F7C-0B4E1741E75D}
		{007F3E0F-434A-5FC1-8847-0D7B094DCB8A} = {B6CDA9A1-0D17-BA28-FDBD-7861B136D3A1}
		{E21064B3-A15D-248E-C373-A0B7838182E8} = {B6CDA9A1-0D17-BA28-FDBD-7861B136D3A1}
		{DEE7E743-A143-9654-3BCC-6361A4A1FF2A} = {B9819C9D-4CD3-BB88-992C-38CA494CE971}
		{C10A91D3-4563-995D-434F-B6C93AA4A83A} = {260C17A8-1AC0-3A60-3C2C-468FEEFEF8A5}
		{D8BC335F-9FC9-6CB8-607A-F4271AD10206} = {7B05E406-BBD1-4E3A-ACB6-4A66D7DDAB45}
		{97AECAE1-F711-6A3F-C659-B529419AF515} = {8FF34A20-DD37-C514-DDB3-6B13507C186D}
		{FA6FDB78-C3D6-437C-50DB-7B52E727E752} = {8FF34A20-DD37-C514-DDB3-6B13507C186D}
		{0CF10BCA-179D-BDB8-8FB6-112AFE087F17} = {8FF34A20-DD37-C514-DDB3-6B13507C186D}
		{F5EFF4BF-F9C3-6EA5-1D1F-74CEB69DAD52} = {8FF34A20-DD37-C514-DDB3-6B13507C186D}
		{E9E16C73-463B-9F52-4253-4C20B0493DAE} = {8FF34A20-DD37-C514-DDB3-6B13507C186D}
		{D1B8BC25-2817-BCA2-DA5A-6C19A3E9C20C} = {8FF34A20-DD37-C514-DDB3-6B13507C186D}
		{6C14D2AA-32C6-96F5-F092-F1E3EFFA82BD} = {FDB2E7D2-4556-71E5-BF15-FAA16B13BEF0}
		{3D7F1E36-8B7B-D899-AFB6-FF787272F13A} = {FDB2E7D2-4556-71E5-BF15-FAA16B13BEF0}
		{FBCC5079-0648-1DA6-EEFC-584E5CF6CB2B} = {FDB2E7D2-4556-71E5-BF15-FAA16B13BEF0}
		{CA47F9AB-F3A3-511A-6586-85595861787B} = {FDB2E7D2-4556-71E5-BF15-FAA16B13BEF0}
		{B9B87C34-1C28-34FF-99FA-5D525FCF7699} = {FDB2E7D2-4556-71E5-BF15-FAA16B13BEF0}
		{E81C2E2A-D563-BF0B-1355-7C6C0A378EDB} = {1E31B6BE-D13B-F31E-8FD8-D0078B28F1A6}
		{F468040F-1262-9EAB-49A9-D187E286E8B2} = {1E31B6BE-D13B-F31E-8FD8-D0078B28F1A6}
		{EEEE37D4-3F38-C542-3C7B-68E2EE990B79} = {1E31B6BE-D13B-F31E-8FD8-D0078B28F1A6}
		{5A4495DE-CBC1-5880-3B6A-EC6428E1F5C2} = {1E31B6BE-D13B-F31E-8FD8-D0078B28F1A6}
		{9552A834-D53A-8437-9508-64F770AAA512} = {87A7B789-CC41-AA9D-4EB7-B5A4A48A39FA}
	EndGlobalSection
	GlobalSection(ExtensibilityGlobals) = postSolution
		SolutionGuid = {B2E0B8DF-B6F7-4977-B512-B3900528478E}
	EndGlobalSection
EndGlobal
